
Microsoft Visual Studio Solution File, Format Version 12.00
Project("{FAE04EC0-301F-11D3-BF4B-00C04F79EFBC}") = "Assignment06oop", "Assignment06oop\Assignment06oop.csproj", "{1FFE4416-3EDF-4864-B47A-BD8D2EDEE22C}"
EndProject
Global
	GlobalSection(SolutionConfigurationPlatforms) = preSolution
		Debug|Any CPU = Debug|Any CPU
		Release|Any CPU = Release|Any CPU
	EndGlobalSection
	GlobalSection(ProjectConfigurationPlatforms) = postSolution
		{1FFE4416-3EDF-4864-B47A-BD8D2EDEE22C}.Debug|Any CPU.ActiveCfg = Debug|Any CPU
		{1FFE4416-3EDF-4864-B47A-BD8D2EDEE22C}.Debug|Any CPU.Build.0 = Debug|Any CPU
		{1FFE4416-3EDF-4864-B47A-BD8D2EDEE22C}.Release|Any CPU.ActiveCfg = Release|Any CPU
		{1FFE4416-3EDF-4864-B47A-BD8D2EDEE22C}.Release|Any CPU.Build.0 = Release|Any CPU
	EndGlobalSection
EndGlobal
