
Microsoft Visual Studio Solution File, Format Version 12.00
Project("{FAE04EC0-301F-11D3-BF4B-00C04F79EFBC}") = "Assignment05oop", "Assignment05oop\Assignment05oop.csproj", "{0CD59360-4DAB-4722-BC3D-2C37C9AF2254}"
EndProject
Global
	GlobalSection(SolutionConfigurationPlatforms) = preSolution
		Debug|Any CPU = Debug|Any CPU
		Release|Any CPU = Release|Any CPU
	EndGlobalSection
	GlobalSection(ProjectConfigurationPlatforms) = postSolution
		{0CD59360-4DAB-4722-BC3D-2C37C9AF2254}.Debug|Any CPU.ActiveCfg = Debug|Any CPU
		{0CD59360-4DAB-4722-BC3D-2C37C9AF2254}.Debug|Any CPU.Build.0 = Debug|Any CPU
		{0CD59360-4DAB-4722-BC3D-2C37C9AF2254}.Release|Any CPU.ActiveCfg = Release|Any CPU
		{0CD59360-4DAB-4722-BC3D-2C37C9AF2254}.Release|Any CPU.Build.0 = Release|Any CPU
	EndGlobalSection
EndGlobal
